<?xml version="1.0" encoding="utf-8"?>
<Project ToolsVersion="4.0" xmlns="http://schemas.microsoft.com/developer/msbuild/2003">
  <ItemGroup>
    <Filter Include="Source Files">
      <UniqueIdentifier>{4FC737F1-C7A5-4376-A066-2A32D752A2FF}</UniqueIdentifier>
      <Extensions>cpp;c;cc;cxx;def;odl;idl;hpj;bat;asm;asmx</Extensions>
    </Filter>
    <Filter Include="Header Files">
      <UniqueIdentifier>{93995380-89BD-4b04-88EB-625FBE52EBFB}</UniqueIdentifier>
      <Extensions>h;hh;hpp;hxx;hm;inl;inc;xsd</Extensions>
    </Filter>
    <Filter Include="Resource Files">
      <UniqueIdentifier>{67DA6AB6-F800-4c08-8B7A-83BB121AAD01}</UniqueIdentifier>
      <Extensions>qrc;rc;ico;cur;bmp;dlg;rc2;rct;bin;rgs;gif;jpg;jpeg;jpe;resx;tiff;tif;png;wav;mfcribbon-ms</Extensions>
    </Filter>
    <Filter Include="Form Files">
      <UniqueIdentifier>{99349809-55BA-4b9d-BF79-8FDBB0286EB3}</UniqueIdentifier>
      <Extensions>ui</Extensions>
    </Filter>
    <Filter Include="Translation Files">
      <UniqueIdentifier>{639EADAA-A684-42e4-A9AD-28FC9BCB8F7C}</UniqueIdentifier>
      <Extensions>ts</Extensions>
    </Filter>
  </ItemGroup>
  <ItemGroup>
    <QtRcc Include="kxmlreader.qrc">
      <Filter>Resource Files</Filter>
    </QtRcc>
    <QtUic Include="kxmlreader.ui">
      <Filter>Form Files</Filter>
    </QtUic>
  </ItemGroup>
  <ItemGroup>
    <ClCompile Include="main.cpp">
      <Filter>Source Files</Filter>
    </ClCompile>
    <ClCompile Include="kdatabase.cpp">
      <Filter>Source Files</Filter>
    </ClCompile>
    <ClCompile Include="kmainwindow.cpp">
      <Filter>Source Files</Filter>
    </ClCompile>
    <ClCompile Include="kcppcheckxmlL.cpp">
      <Filter>Source Files</Filter>
    </ClCompile>
    <ClCompile Include="kjplagsimilarity.cpp">
      <Filter>Source Files</Filter>
    </ClCompile>
    <ClCompile Include="kcompile.cpp">
      <Filter>Source Files</Filter>
    </ClCompile>
    <ClCompile Include="ksavewindow.cpp">
      <Filter>Source Files</Filter>
    </ClCompile>
    <ClCompile Include="kexewin.cpp">
      <Filter>Source Files</Filter>
    </ClCompile>
    <ClCompile Include="kpullcodewin.cpp">
      <Filter>Source Files</Filter>
    </ClCompile>
    <ClCompile Include="kcustomitemdelegate.cpp">
      <Filter>Source Files</Filter>
    </ClCompile>
    <ClCompile Include="kerrorshowmainwin.cpp">
      <Filter>Source Files</Filter>
    </ClCompile>
    <ClCompile Include="kcppcheckwin.cpp">
      <Filter>Source Files</Filter>
    </ClCompile>
    <ClCompile Include="kcompilewin.cpp">
      <Filter>Source Files</Filter>
    </ClCompile>
    <ClCompile Include="ksimwin.cpp">
      <Filter>Source Files</Filter>
    </ClCompile>
    <ClCompile Include="ktoolwin.cpp">
      <Filter>Source Files</Filter>
    </ClCompile>
    <ClCompile Include="kcreateorganizewin.cpp">
      <Filter>Source Files</Filter>
    </ClCompile>
    <ClCompile Include="kcreateuserwin.cpp">
      <Filter>Source Files</Filter>
    </ClCompile>
    <ClCompile Include="kcreatestorewin.cpp">
      <Filter>Source Files</Filter>
    </ClCompile>
    <ClCompile Include="kgitwin.cpp">
      <Filter>Source Files</Filter>
    </ClCompile>
    <ClCompile Include="kdeletewin.cpp">
      <Filter>Source Files</Filter>
    </ClCompile>
    <ClCompile Include="kgitprocess.cpp">
      <Filter>Source Files</Filter>
    </ClCompile>
    <ClCompile Include="krallfile.cpp">
      <Filter>Source Files</Filter>
    </ClCompile>
  </ItemGroup>
  <ItemGroup>
    <ClInclude Include="x64\Debug\uic\ui_kxmlreader.h">
      <Filter>Header Files</Filter>
    </ClInclude>
    <ClInclude Include="kjplagsimilarity.h">
      <Filter>Header Files</Filter>
    </ClInclude>
    <ClInclude Include="kcompile.h">
      <Filter>Header Files</Filter>
    </ClInclude>
    <ClInclude Include="kglobaldata.h">
      <Filter>Header Files</Filter>
    </ClInclude>
    <ClInclude Include="kgitprocess.h">
      <Filter>Header Files</Filter>
    </ClInclude>
    <ClInclude Include="kcppcheckxml.h">
      <Filter>Header Files</Filter>
    </ClInclude>
    <ClInclude Include="kdatabase.h">
      <Filter>Header Files</Filter>
    </ClInclude>
    <ClInclude Include="krallfile.h">
      <Filter>Header Files</Filter>
    </ClInclude>
    <ClInclude Include="kconfigfileread.h">
      <Filter>Header Files</Filter>
    </ClInclude>
  </ItemGroup>
  <ItemGroup>
    <QtMoc Include="kmainwindow.h">
      <Filter>Header Files</Filter>
    </QtMoc>
    <QtMoc Include="ksavewindow.h">
      <Filter>Header Files</Filter>
    </QtMoc>
    <QtMoc Include="kexewin.h">
      <Filter>Header Files</Filter>
    </QtMoc>
    <QtMoc Include="kpullcodewin.h">
      <Filter>Header Files</Filter>
    </QtMoc>
    <QtMoc Include="kcustomitemdelegate.h">
      <Filter>Header Files</Filter>
    </QtMoc>
    <QtMoc Include="kerrorshowmainwin.h">
      <Filter>Header Files</Filter>
    </QtMoc>
    <QtMoc Include="kcppcheckwin.h">
      <Filter>Header Files</Filter>
    </QtMoc>
    <QtMoc Include="kcompilewin.h">
      <Filter>Header Files</Filter>
    </QtMoc>
    <QtMoc Include="ksimwin.h">
      <Filter>Header Files</Filter>
    </QtMoc>
    <QtMoc Include="ktoolwin.h">
      <Filter>Header Files</Filter>
    </QtMoc>
    <QtMoc Include="kcreateorganizewin.h">
      <Filter>Header Files</Filter>
    </QtMoc>
    <QtMoc Include="kcreateuserwin.h">
      <Filter>Header Files</Filter>
    </QtMoc>
    <QtMoc Include="kcreatestorewin.h">
      <Filter>Header Files</Filter>
    </QtMoc>
    <QtMoc Include="kgitwin.h">
      <Filter>Header Files</Filter>
    </QtMoc>
    <QtMoc Include="kdeletewin.h">
      <Filter>Header Files</Filter>
    </QtMoc>
  </ItemGroup>
  <ItemGroup>
    <QtTranslation Include="kxmlreader_zh.ts">
      <Filter>Translation Files</Filter>
    </QtTranslation>
  </ItemGroup>
</Project>